// !$*UTF8*$!
{
	archiveVersion = 1;
	classes = {
	};
	objectVersion = 70;
	objects = {

/* Begin PBXBuildFile section */
		5101DD8F2A16469B00EFA5B2 /* FidelityView.swift in Sources */ = {isa = PBXBuildFile; fileRef = 5101DD8E2A16469B00EFA5B2 /* FidelityView.swift */; };
		510BDD5229E4322900EB6FE3 /* ActivityRingView.swift in Sources */ = {isa = PBXBuildFile; fileRef = 510BDD5129E4322900EB6FE3 /* ActivityRingView.swift */; };
		510BDD5429E45CB100EB6FE3 /* RingView.swift in Sources */ = {isa = PBXBuildFile; fileRef = 510BDD5329E45CB100EB6FE3 /* RingView.swift */; };
		510BDD5729E463D200EB6FE3 /* CameraView.swift in Sources */ = {isa = PBXBuildFile; fileRef = 510BDD5629E463D200EB6FE3 /* CameraView.swift */; };
		510BDD5C29E467BE00EB6FE3 /* CameraViewController.swift in Sources */ = {isa = PBXBuildFile; fileRef = 510BDD5B29E467BE00EB6FE3 /* CameraViewController.swift */; };
		510BDD5F29E483CD00EB6FE3 /* ObjectReflectionView.swift in Sources */ = {isa = PBXBuildFile; fileRef = 510BDD5E29E483CD00EB6FE3 /* ObjectReflectionView.swift */; };
		51205BDF29F19FC900912B77 /* BottumView.swift in Sources */ = {isa = PBXBuildFile; fileRef = 51205BDE29F19FC900912B77 /* BottumView.swift */; };
		5142C25829C118A70065048F /* MapsView.swift in Sources */ = {isa = PBXBuildFile; fileRef = 5142C25729C118A70065048F /* MapsView.swift */; };
		5182E28629DE2310002B24C5 /* SpeechSynthesizerView.swift in Sources */ = {isa = PBXBuildFile; fileRef = 5182E28529DE2310002B24C5 /* SpeechSynthesizerView.swift */; };
		51DD742B29B643DF00F667F3 /* MainView.swift in Sources */ = {isa = PBXBuildFile; fileRef = 51DD742A29B643DF00F667F3 /* MainView.swift */; };
		51DD742D29B643F500F667F3 /* LibraryView.swift in Sources */ = {isa = PBXBuildFile; fileRef = 51DD742C29B643F500F667F3 /* LibraryView.swift */; };
		51DD742F29B6440400F667F3 /* ButtonsView.swift in Sources */ = {isa = PBXBuildFile; fileRef = 51DD742E29B6440400F667F3 /* ButtonsView.swift */; };
		51DD743129B64D8E00F667F3 /* ExperimentsView.swift in Sources */ = {isa = PBXBuildFile; fileRef = 51DD743029B64D8E00F667F3 /* ExperimentsView.swift */; };
		51DD743429B64E0600F667F3 /* ReflectiveUIView.swift in Sources */ = {isa = PBXBuildFile; fileRef = 51DD743329B64E0600F667F3 /* ReflectiveUIView.swift */; };
		51DD743D29B6616900F667F3 /* RedactedView.swift in Sources */ = {isa = PBXBuildFile; fileRef = 51DD743C29B6616900F667F3 /* RedactedView.swift */; };
		51DD744029B6636C00F667F3 /* MaskView.swift in Sources */ = {isa = PBXBuildFile; fileRef = 51DD743F29B6636C00F667F3 /* MaskView.swift */; };
		51DD744229B6CF2600F667F3 /* GradientView.swift in Sources */ = {isa = PBXBuildFile; fileRef = 51DD744129B6CF2600F667F3 /* GradientView.swift */; };
		51FEFCF529B641F0008F2A12 /* SwiftUIWorldApp.swift in Sources */ = {isa = PBXBuildFile; fileRef = 51FEFCF429B641F0008F2A12 /* SwiftUIWorldApp.swift */; };
		51FEFCF729B641F0008F2A12 /* ContentView.swift in Sources */ = {isa = PBXBuildFile; fileRef = 51FEFCF629B641F0008F2A12 /* ContentView.swift */; };
		51FEFCF929B641F2008F2A12 /* Assets.xcassets in Resources */ = {isa = PBXBuildFile; fileRef = 51FEFCF829B641F2008F2A12 /* Assets.xcassets */; };
		51FEFCFD29B641F2008F2A12 /* Preview Assets.xcassets in Resources */ = {isa = PBXBuildFile; fileRef = 51FEFCFC29B641F2008F2A12 /* Preview Assets.xcassets */; };
		51FEFD0729B641F2008F2A12 /* SwiftUIWorldTests.swift in Sources */ = {isa = PBXBuildFile; fileRef = 51FEFD0629B641F2008F2A12 /* SwiftUIWorldTests.swift */; };
		51FEFD1129B641F2008F2A12 /* SwiftUIWorldUITests.swift in Sources */ = {isa = PBXBuildFile; fileRef = 51FEFD1029B641F2008F2A12 /* SwiftUIWorldUITests.swift */; };
		51FEFD1329B641F2008F2A12 /* SwiftUIWorldUITestsLaunchTests.swift in Sources */ = {isa = PBXBuildFile; fileRef = 51FEFD1229B641F2008F2A12 /* SwiftUIWorldUITestsLaunchTests.swift */; };
		662EC51A2CB524A300C38FC5 /* View+PushTo.swift in Sources */ = {isa = PBXBuildFile; fileRef = 662EC5192CB524A300C38FC5 /* View+PushTo.swift */; };
		662EC51C2CB524C000C38FC5 /* PushToView.swift in Sources */ = {isa = PBXBuildFile; fileRef = 662EC51B2CB524C000C38FC5 /* PushToView.swift */; };
		6649CFB62D11D2150017ECF0 /* Wind.lottie in Resources */ = {isa = PBXBuildFile; fileRef = 6649CFB52D11D2150017ECF0 /* Wind.lottie */; };
		6655B1162D103E9D003F7228 /* BlurView.swift in Sources */ = {isa = PBXBuildFile; fileRef = 6655B1152D103E9D003F7228 /* BlurView.swift */; };
		665E5B532D11C3D6003FE4E3 /* Lottie in Frameworks */ = {isa = PBXBuildFile; productRef = 665E5B522D11C3D6003FE4E3 /* Lottie */; };
		665E5B562D11C3EC003FE4E3 /* LottiesView.swift in Sources */ = {isa = PBXBuildFile; fileRef = 665E5B552D11C3EC003FE4E3 /* LottiesView.swift */; };
		66B58B812CD2223100108119 /* TransitionFullScreen.swift in Sources */ = {isa = PBXBuildFile; fileRef = 66B58B802CD2223100108119 /* TransitionFullScreen.swift */; };
		66E2AD462D005C45000A0B9A /* ShareLocationView.swift in Sources */ = {isa = PBXBuildFile; fileRef = 66E2AD452D005C40000A0B9A /* ShareLocationView.swift */; };
/* End PBXBuildFile section */

/* Begin PBXContainerItemProxy section */
		51FEFD0329B641F2008F2A12 /* PBXContainerItemProxy */ = {
			isa = PBXContainerItemProxy;
			containerPortal = 51FEFCE929B641F0008F2A12 /* Project object */;
			proxyType = 1;
			remoteGlobalIDString = 51FEFCF029B641F0008F2A12;
			remoteInfo = SwiftUIWorld;
		};
		51FEFD0D29B641F2008F2A12 /* PBXContainerItemProxy */ = {
			isa = PBXContainerItemProxy;
			containerPortal = 51FEFCE929B641F0008F2A12 /* Project object */;
			proxyType = 1;
			remoteGlobalIDString = 51FEFCF029B641F0008F2A12;
			remoteInfo = SwiftUIWorld;
		};
/* End PBXContainerItemProxy section */

/* Begin PBXFileReference section */
		5101DD8E2A16469B00EFA5B2 /* FidelityView.swift */ = {isa = PBXFileReference; lastKnownFileType = sourcecode.swift; path = FidelityView.swift; sourceTree = "<group>"; };
		510BDD5129E4322900EB6FE3 /* ActivityRingView.swift */ = {isa = PBXFileReference; lastKnownFileType = sourcecode.swift; path = ActivityRingView.swift; sourceTree = "<group>"; };
		510BDD5329E45CB100EB6FE3 /* RingView.swift */ = {isa = PBXFileReference; lastKnownFileType = sourcecode.swift; path = RingView.swift; sourceTree = "<group>"; };
		510BDD5629E463D200EB6FE3 /* CameraView.swift */ = {isa = PBXFileReference; lastKnownFileType = sourcecode.swift; path = CameraView.swift; sourceTree = "<group>"; };
		510BDD5B29E467BE00EB6FE3 /* CameraViewController.swift */ = {isa = PBXFileReference; lastKnownFileType = sourcecode.swift; path = CameraViewController.swift; sourceTree = "<group>"; };
		510BDD5E29E483CD00EB6FE3 /* ObjectReflectionView.swift */ = {isa = PBXFileReference; lastKnownFileType = sourcecode.swift; path = ObjectReflectionView.swift; sourceTree = "<group>"; };
		51205BDE29F19FC900912B77 /* BottumView.swift */ = {isa = PBXFileReference; lastKnownFileType = sourcecode.swift; path = BottumView.swift; sourceTree = "<group>"; };
		5142C25729C118A70065048F /* MapsView.swift */ = {isa = PBXFileReference; lastKnownFileType = sourcecode.swift; path = MapsView.swift; sourceTree = "<group>"; };
		5182E28529DE2310002B24C5 /* SpeechSynthesizerView.swift */ = {isa = PBXFileReference; lastKnownFileType = sourcecode.swift; path = SpeechSynthesizerView.swift; sourceTree = "<group>"; };
		51DD742A29B643DF00F667F3 /* MainView.swift */ = {isa = PBXFileReference; lastKnownFileType = sourcecode.swift; path = MainView.swift; sourceTree = "<group>"; };
		51DD742C29B643F500F667F3 /* LibraryView.swift */ = {isa = PBXFileReference; lastKnownFileType = sourcecode.swift; path = LibraryView.swift; sourceTree = "<group>"; };
		51DD742E29B6440400F667F3 /* ButtonsView.swift */ = {isa = PBXFileReference; lastKnownFileType = sourcecode.swift; path = ButtonsView.swift; sourceTree = "<group>"; };
		51DD743029B64D8E00F667F3 /* ExperimentsView.swift */ = {isa = PBXFileReference; lastKnownFileType = sourcecode.swift; path = ExperimentsView.swift; sourceTree = "<group>"; };
		51DD743329B64E0600F667F3 /* ReflectiveUIView.swift */ = {isa = PBXFileReference; lastKnownFileType = sourcecode.swift; path = ReflectiveUIView.swift; sourceTree = "<group>"; };
		51DD743C29B6616900F667F3 /* RedactedView.swift */ = {isa = PBXFileReference; lastKnownFileType = sourcecode.swift; path = RedactedView.swift; sourceTree = "<group>"; };
		51DD743F29B6636C00F667F3 /* MaskView.swift */ = {isa = PBXFileReference; lastKnownFileType = sourcecode.swift; path = MaskView.swift; sourceTree = "<group>"; };
		51DD744129B6CF2600F667F3 /* GradientView.swift */ = {isa = PBXFileReference; lastKnownFileType = sourcecode.swift; path = GradientView.swift; sourceTree = "<group>"; };
		51FEFCF129B641F0008F2A12 /* SwiftUIWorld.app */ = {isa = PBXFileReference; explicitFileType = wrapper.application; includeInIndex = 0; path = SwiftUIWorld.app; sourceTree = BUILT_PRODUCTS_DIR; };
		51FEFCF429B641F0008F2A12 /* SwiftUIWorldApp.swift */ = {isa = PBXFileReference; lastKnownFileType = sourcecode.swift; path = SwiftUIWorldApp.swift; sourceTree = "<group>"; };
		51FEFCF629B641F0008F2A12 /* ContentView.swift */ = {isa = PBXFileReference; lastKnownFileType = sourcecode.swift; path = ContentView.swift; sourceTree = "<group>"; };
		51FEFCF829B641F2008F2A12 /* Assets.xcassets */ = {isa = PBXFileReference; lastKnownFileType = folder.assetcatalog; path = Assets.xcassets; sourceTree = "<group>"; };
		51FEFCFA29B641F2008F2A12 /* SwiftUIWorld.entitlements */ = {isa = PBXFileReference; lastKnownFileType = text.plist.entitlements; path = SwiftUIWorld.entitlements; sourceTree = "<group>"; };
		51FEFCFC29B641F2008F2A12 /* Preview Assets.xcassets */ = {isa = PBXFileReference; lastKnownFileType = folder.assetcatalog; path = "Preview Assets.xcassets"; sourceTree = "<group>"; };
		51FEFD0229B641F2008F2A12 /* SwiftUIWorldTests.xctest */ = {isa = PBXFileReference; explicitFileType = wrapper.cfbundle; includeInIndex = 0; path = SwiftUIWorldTests.xctest; sourceTree = BUILT_PRODUCTS_DIR; };
		51FEFD0629B641F2008F2A12 /* SwiftUIWorldTests.swift */ = {isa = PBXFileReference; lastKnownFileType = sourcecode.swift; path = SwiftUIWorldTests.swift; sourceTree = "<group>"; };
		51FEFD0C29B641F2008F2A12 /* SwiftUIWorldUITests.xctest */ = {isa = PBXFileReference; explicitFileType = wrapper.cfbundle; includeInIndex = 0; path = SwiftUIWorldUITests.xctest; sourceTree = BUILT_PRODUCTS_DIR; };
		51FEFD1029B641F2008F2A12 /* SwiftUIWorldUITests.swift */ = {isa = PBXFileReference; lastKnownFileType = sourcecode.swift; path = SwiftUIWorldUITests.swift; sourceTree = "<group>"; };
		51FEFD1229B641F2008F2A12 /* SwiftUIWorldUITestsLaunchTests.swift */ = {isa = PBXFileReference; lastKnownFileType = sourcecode.swift; path = SwiftUIWorldUITestsLaunchTests.swift; sourceTree = "<group>"; };
		662EC5192CB524A300C38FC5 /* View+PushTo.swift */ = {isa = PBXFileReference; lastKnownFileType = sourcecode.swift; path = "View+PushTo.swift"; sourceTree = "<group>"; };
		662EC51B2CB524C000C38FC5 /* PushToView.swift */ = {isa = PBXFileReference; lastKnownFileType = sourcecode.swift; path = PushToView.swift; sourceTree = "<group>"; };
		6649CFB52D11D2150017ECF0 /* Wind.lottie */ = {isa = PBXFileReference; lastKnownFileType = file; path = Wind.lottie; sourceTree = "<group>"; };
		6655B1152D103E9D003F7228 /* BlurView.swift */ = {isa = PBXFileReference; lastKnownFileType = sourcecode.swift; path = BlurView.swift; sourceTree = "<group>"; };
		665E5B552D11C3EC003FE4E3 /* LottiesView.swift */ = {isa = PBXFileReference; lastKnownFileType = sourcecode.swift; path = LottiesView.swift; sourceTree = "<group>"; };
		66B58B802CD2223100108119 /* TransitionFullScreen.swift */ = {isa = PBXFileReference; lastKnownFileType = sourcecode.swift; path = TransitionFullScreen.swift; sourceTree = "<group>"; };
		66E2AD452D005C40000A0B9A /* ShareLocationView.swift */ = {isa = PBXFileReference; lastKnownFileType = sourcecode.swift; path = ShareLocationView.swift; sourceTree = "<group>"; };
/* End PBXFileReference section */

/* Begin PBXFileSystemSynchronizedRootGroup section */
		665E5B592D11C52D003FE4E3 /* Lottie */ = {isa = PBXFileSystemSynchronizedRootGroup; explicitFileTypes = {}; explicitFolders = (); path = Lottie; sourceTree = "<group>"; };
/* End PBXFileSystemSynchronizedRootGroup section */

/* Begin PBXFrameworksBuildPhase section */
		51FEFCEE29B641F0008F2A12 /* Frameworks */ = {
			isa = PBXFrameworksBuildPhase;
			buildActionMask = 2147483647;
			files = (
				665E5B532D11C3D6003FE4E3 /* Lottie in Frameworks */,
			);
			runOnlyForDeploymentPostprocessing = 0;
		};
		51FEFCFF29B641F2008F2A12 /* Frameworks */ = {
			isa = PBXFrameworksBuildPhase;
			buildActionMask = 2147483647;
			files = (
			);
			runOnlyForDeploymentPostprocessing = 0;
		};
		51FEFD0929B641F2008F2A12 /* Frameworks */ = {
			isa = PBXFrameworksBuildPhase;
			buildActionMask = 2147483647;
			files = (
			);
			runOnlyForDeploymentPostprocessing = 0;
		};
/* End PBXFrameworksBuildPhase section */

/* Begin PBXGroup section */
		5101DD8D2A16467900EFA5B2 /* Fidelity */ = {
			isa = PBXGroup;
			children = (
				5101DD8E2A16469B00EFA5B2 /* FidelityView.swift */,
			);
			path = Fidelity;
			sourceTree = "<group>";
		};
		510BDD5029E4320600EB6FE3 /* ActivityRing */ = {
			isa = PBXGroup;
			children = (
				510BDD5129E4322900EB6FE3 /* ActivityRingView.swift */,
				510BDD5329E45CB100EB6FE3 /* RingView.swift */,
			);
			path = ActivityRing;
			sourceTree = "<group>";
		};
		510BDD5A29E467A900EB6FE3 /* Camera */ = {
			isa = PBXGroup;
			children = (
				510BDD5629E463D200EB6FE3 /* CameraView.swift */,
				510BDD5B29E467BE00EB6FE3 /* CameraViewController.swift */,
			);
			path = Camera;
			sourceTree = "<group>";
		};
		510BDD5D29E483AC00EB6FE3 /* ObjectReflection */ = {
			isa = PBXGroup;
			children = (
				510BDD5E29E483CD00EB6FE3 /* ObjectReflectionView.swift */,
			);
			path = ObjectReflection;
			sourceTree = "<group>";
		};
		5182E28329DE22F6002B24C5 /* SpeechSynthesizer */ = {
			isa = PBXGroup;
			children = (
				5182E28529DE2310002B24C5 /* SpeechSynthesizerView.swift */,
			);
			path = SpeechSynthesizer;
			sourceTree = "<group>";
		};
		51DD743229B64DED00F667F3 /* Experiments */ = {
			isa = PBXGroup;
			children = (
				665E5B542D11C3DE003FE4E3 /* LottiesView */,
				6655B1142D103E87003F7228 /* BlurView */,
				66E2AD442D005C34000A0B9A /* ShareLocation */,
				66B58B7F2CD2220600108119 /* TransitionFullScreen */,
				662EC5182CB5247300C38FC5 /* PushToModifier */,
				5101DD8D2A16467900EFA5B2 /* Fidelity */,
				51DD743029B64D8E00F667F3 /* ExperimentsView.swift */,
				51205BDE29F19FC900912B77 /* BottumView.swift */,
				5182E28329DE22F6002B24C5 /* SpeechSynthesizer */,
				510BDD5D29E483AC00EB6FE3 /* ObjectReflection */,
				51DD743529B6503C00F667F3 /* ReflectiveUI */,
				510BDD5029E4320600EB6FE3 /* ActivityRing */,
			);
			path = Experiments;
			sourceTree = "<group>";
		};
		51DD743529B6503C00F667F3 /* ReflectiveUI */ = {
			isa = PBXGroup;
			children = (
				51DD743329B64E0600F667F3 /* ReflectiveUIView.swift */,
			);
			path = ReflectiveUI;
			sourceTree = "<group>";
		};
		51DD743E29B6635100F667F3 /* Library */ = {
			isa = PBXGroup;
			children = (
				51DD742C29B643F500F667F3 /* LibraryView.swift */,
				51DD742E29B6440400F667F3 /* ButtonsView.swift */,
				51DD743C29B6616900F667F3 /* RedactedView.swift */,
				51DD743F29B6636C00F667F3 /* MaskView.swift */,
				51DD744129B6CF2600F667F3 /* GradientView.swift */,
				5142C25729C118A70065048F /* MapsView.swift */,
				510BDD5A29E467A900EB6FE3 /* Camera */,
			);
			path = Library;
			sourceTree = "<group>";
		};
		51FEFCE829B641F0008F2A12 = {
			isa = PBXGroup;
			children = (
				51FEFCF329B641F0008F2A12 /* SwiftUIWorld */,
				51FEFD0529B641F2008F2A12 /* SwiftUIWorldTests */,
				51FEFD0F29B641F2008F2A12 /* SwiftUIWorldUITests */,
				51FEFCF229B641F0008F2A12 /* Products */,
			);
			sourceTree = "<group>";
		};
		51FEFCF229B641F0008F2A12 /* Products */ = {
			isa = PBXGroup;
			children = (
				51FEFCF129B641F0008F2A12 /* SwiftUIWorld.app */,
				51FEFD0229B641F2008F2A12 /* SwiftUIWorldTests.xctest */,
				51FEFD0C29B641F2008F2A12 /* SwiftUIWorldUITests.xctest */,
			);
			name = Products;
			sourceTree = "<group>";
		};
		51FEFCF329B641F0008F2A12 /* SwiftUIWorld */ = {
			isa = PBXGroup;
			children = (
				51FEFCF429B641F0008F2A12 /* SwiftUIWorldApp.swift */,
				665E5B592D11C52D003FE4E3 /* Lottie */,
				51FEFCF629B641F0008F2A12 /* ContentView.swift */,
				51DD742A29B643DF00F667F3 /* MainView.swift */,
				51DD743E29B6635100F667F3 /* Library */,
				51DD743229B64DED00F667F3 /* Experiments */,
				51FEFCF829B641F2008F2A12 /* Assets.xcassets */,
				51FEFCFA29B641F2008F2A12 /* SwiftUIWorld.entitlements */,
				51FEFCFB29B641F2008F2A12 /* Preview Content */,
			);
			path = SwiftUIWorld;
			sourceTree = "<group>";
		};
		51FEFCFB29B641F2008F2A12 /* Preview Content */ = {
			isa = PBXGroup;
			children = (
				51FEFCFC29B641F2008F2A12 /* Preview Assets.xcassets */,
			);
			path = "Preview Content";
			sourceTree = "<group>";
		};
		51FEFD0529B641F2008F2A12 /* SwiftUIWorldTests */ = {
			isa = PBXGroup;
			children = (
				51FEFD0629B641F2008F2A12 /* SwiftUIWorldTests.swift */,
			);
			path = SwiftUIWorldTests;
			sourceTree = "<group>";
		};
		51FEFD0F29B641F2008F2A12 /* SwiftUIWorldUITests */ = {
			isa = PBXGroup;
			children = (
				51FEFD1029B641F2008F2A12 /* SwiftUIWorldUITests.swift */,
				51FEFD1229B641F2008F2A12 /* SwiftUIWorldUITestsLaunchTests.swift */,
			);
			path = SwiftUIWorldUITests;
			sourceTree = "<group>";
		};
		662EC5182CB5247300C38FC5 /* PushToModifier */ = {
			isa = PBXGroup;
			children = (
				662EC5192CB524A300C38FC5 /* View+PushTo.swift */,
				662EC51B2CB524C000C38FC5 /* PushToView.swift */,
			);
			path = PushToModifier;
			sourceTree = "<group>";
		};
		6655B1142D103E87003F7228 /* BlurView */ = {
			isa = PBXGroup;
			children = (
				6655B1152D103E9D003F7228 /* BlurView.swift */,
			);
			path = BlurView;
			sourceTree = "<group>";
		};
		665E5B542D11C3DE003FE4E3 /* LottiesView */ = {
			isa = PBXGroup;
			children = (
				665E5B552D11C3EC003FE4E3 /* LottiesView.swift */,
				6649CFB52D11D2150017ECF0 /* Wind.lottie */,
			);
			path = LottiesView;
			sourceTree = "<group>";
		};
		66B58B7F2CD2220600108119 /* TransitionFullScreen */ = {
			isa = PBXGroup;
			children = (
				66B58B802CD2223100108119 /* TransitionFullScreen.swift */,
			);
			path = TransitionFullScreen;
			sourceTree = "<group>";
		};
		66E2AD442D005C34000A0B9A /* ShareLocation */ = {
			isa = PBXGroup;
			children = (
				66E2AD452D005C40000A0B9A /* ShareLocationView.swift */,
			);
			path = ShareLocation;
			sourceTree = "<group>";
		};
/* End PBXGroup section */

/* Begin PBXNativeTarget section */
		51FEFCF029B641F0008F2A12 /* SwiftUIWorld */ = {
			isa = PBXNativeTarget;
			buildConfigurationList = 51FEFD1629B641F2008F2A12 /* Build configuration list for PBXNativeTarget "SwiftUIWorld" */;
			buildPhases = (
				51FEFCED29B641F0008F2A12 /* Sources */,
				51FEFCEE29B641F0008F2A12 /* Frameworks */,
				51FEFCEF29B641F0008F2A12 /* Resources */,
			);
			buildRules = (
			);
			dependencies = (
			);
			fileSystemSynchronizedGroups = (
				665E5B592D11C52D003FE4E3 /* Lottie */,
			);
			name = SwiftUIWorld;
			productName = SwiftUIWorld;
			productReference = 51FEFCF129B641F0008F2A12 /* SwiftUIWorld.app */;
			productType = "com.apple.product-type.application";
		};
		51FEFD0129B641F2008F2A12 /* SwiftUIWorldTests */ = {
			isa = PBXNativeTarget;
			buildConfigurationList = 51FEFD1929B641F2008F2A12 /* Build configuration list for PBXNativeTarget "SwiftUIWorldTests" */;
			buildPhases = (
				51FEFCFE29B641F2008F2A12 /* Sources */,
				51FEFCFF29B641F2008F2A12 /* Frameworks */,
				51FEFD0029B641F2008F2A12 /* Resources */,
			);
			buildRules = (
			);
			dependencies = (
				51FEFD0429B641F2008F2A12 /* PBXTargetDependency */,
			);
			name = SwiftUIWorldTests;
			productName = SwiftUIWorldTests;
			productReference = 51FEFD0229B641F2008F2A12 /* SwiftUIWorldTests.xctest */;
			productType = "com.apple.product-type.bundle.unit-test";
		};
		51FEFD0B29B641F2008F2A12 /* SwiftUIWorldUITests */ = {
			isa = PBXNativeTarget;
			buildConfigurationList = 51FEFD1C29B641F2008F2A12 /* Build configuration list for PBXNativeTarget "SwiftUIWorldUITests" */;
			buildPhases = (
				51FEFD0829B641F2008F2A12 /* Sources */,
				51FEFD0929B641F2008F2A12 /* Frameworks */,
				51FEFD0A29B641F2008F2A12 /* Resources */,
			);
			buildRules = (
			);
			dependencies = (
				51FEFD0E29B641F2008F2A12 /* PBXTargetDependency */,
			);
			name = SwiftUIWorldUITests;
			productName = SwiftUIWorldUITests;
			productReference = 51FEFD0C29B641F2008F2A12 /* SwiftUIWorldUITests.xctest */;
			productType = "com.apple.product-type.bundle.ui-testing";
		};
/* End PBXNativeTarget section */

/* Begin PBXProject section */
		51FEFCE929B641F0008F2A12 /* Project object */ = {
			isa = PBXProject;
			attributes = {
				BuildIndependentTargetsInParallel = 1;
				LastSwiftUpdateCheck = 1420;
				LastUpgradeCheck = 1430;
				TargetAttributes = {
					51FEFCF029B641F0008F2A12 = {
						CreatedOnToolsVersion = 14.2;
					};
					51FEFD0129B641F2008F2A12 = {
						CreatedOnToolsVersion = 14.2;
						TestTargetID = 51FEFCF029B641F0008F2A12;
					};
					51FEFD0B29B641F2008F2A12 = {
						CreatedOnToolsVersion = 14.2;
						TestTargetID = 51FEFCF029B641F0008F2A12;
					};
				};
			};
			buildConfigurationList = 51FEFCEC29B641F0008F2A12 /* Build configuration list for PBXProject "SwiftUIWorld" */;
			compatibilityVersion = "Xcode 14.0";
			developmentRegion = en;
			hasScannedForEncodings = 0;
			knownRegions = (
				en,
				Base,
			);
			mainGroup = 51FEFCE829B641F0008F2A12;
			packageReferences = (
				665E5B512D11C3D6003FE4E3 /* XCRemoteSwiftPackageReference "lottie-spm" */,
			);
			productRefGroup = 51FEFCF229B641F0008F2A12 /* Products */;
			projectDirPath = "";
			projectRoot = "";
			targets = (
				51FEFCF029B641F0008F2A12 /* SwiftUIWorld */,
				51FEFD0129B641F2008F2A12 /* SwiftUIWorldTests */,
				51FEFD0B29B641F2008F2A12 /* SwiftUIWorldUITests */,
			);
		};
/* End PBXProject section */

/* Begin PBXResourcesBuildPhase section */
		51FEFCEF29B641F0008F2A12 /* Resources */ = {
			isa = PBXResourcesBuildPhase;
			buildActionMask = 2147483647;
			files = (
				51FEFCFD29B641F2008F2A12 /* Preview Assets.xcassets in Resources */,
				51FEFCF929B641F2008F2A12 /* Assets.xcassets in Resources */,
				6649CFB62D11D2150017ECF0 /* Wind.lottie in Resources */,
			);
			runOnlyForDeploymentPostprocessing = 0;
		};
		51FEFD0029B641F2008F2A12 /* Resources */ = {
			isa = PBXResourcesBuildPhase;
			buildActionMask = 2147483647;
			files = (
			);
			runOnlyForDeploymentPostprocessing = 0;
		};
		51FEFD0A29B641F2008F2A12 /* Resources */ = {
			isa = PBXResourcesBuildPhase;
			buildActionMask = 2147483647;
			files = (
			);
			runOnlyForDeploymentPostprocessing = 0;
		};
/* End PBXResourcesBuildPhase section */

/* Begin PBXSourcesBuildPhase section */
		51FEFCED29B641F0008F2A12 /* Sources */ = {
			isa = PBXSourcesBuildPhase;
			buildActionMask = 2147483647;
			files = (
				665E5B562D11C3EC003FE4E3 /* LottiesView.swift in Sources */,
				5101DD8F2A16469B00EFA5B2 /* FidelityView.swift in Sources */,
				510BDD5429E45CB100EB6FE3 /* RingView.swift in Sources */,
				51205BDF29F19FC900912B77 /* BottumView.swift in Sources */,
				5182E28629DE2310002B24C5 /* SpeechSynthesizerView.swift in Sources */,
				662EC51C2CB524C000C38FC5 /* PushToView.swift in Sources */,
				51DD744029B6636C00F667F3 /* MaskView.swift in Sources */,
				510BDD5C29E467BE00EB6FE3 /* CameraViewController.swift in Sources */,
				510BDD5F29E483CD00EB6FE3 /* ObjectReflectionView.swift in Sources */,
				51DD742D29B643F500F667F3 /* LibraryView.swift in Sources */,
				5142C25829C118A70065048F /* MapsView.swift in Sources */,
				51DD744229B6CF2600F667F3 /* GradientView.swift in Sources */,
				510BDD5229E4322900EB6FE3 /* ActivityRingView.swift in Sources */,
				66B58B812CD2223100108119 /* TransitionFullScreen.swift in Sources */,
				66E2AD462D005C45000A0B9A /* ShareLocationView.swift in Sources */,
				51DD743D29B6616900F667F3 /* RedactedView.swift in Sources */,
				51DD742F29B6440400F667F3 /* ButtonsView.swift in Sources */,
				662EC51A2CB524A300C38FC5 /* View+PushTo.swift in Sources */,
				6655B1162D103E9D003F7228 /* BlurView.swift in Sources */,
				51FEFCF729B641F0008F2A12 /* ContentView.swift in Sources */,
				51DD743429B64E0600F667F3 /* ReflectiveUIView.swift in Sources */,
				51DD743129B64D8E00F667F3 /* ExperimentsView.swift in Sources */,
				51DD742B29B643DF00F667F3 /* MainView.swift in Sources */,
				51FEFCF529B641F0008F2A12 /* SwiftUIWorldApp.swift in Sources */,
				510BDD5729E463D200EB6FE3 /* CameraView.swift in Sources */,
			);
			runOnlyForDeploymentPostprocessing = 0;
		};
		51FEFCFE29B641F2008F2A12 /* Sources */ = {
			isa = PBXSourcesBuildPhase;
			buildActionMask = 2147483647;
			files = (
				51FEFD0729B641F2008F2A12 /* SwiftUIWorldTests.swift in Sources */,
			);
			runOnlyForDeploymentPostprocessing = 0;
		};
		51FEFD0829B641F2008F2A12 /* Sources */ = {
			isa = PBXSourcesBuildPhase;
			buildActionMask = 2147483647;
			files = (
				51FEFD1129B641F2008F2A12 /* SwiftUIWorldUITests.swift in Sources */,
				51FEFD1329B641F2008F2A12 /* SwiftUIWorldUITestsLaunchTests.swift in Sources */,
			);
			runOnlyForDeploymentPostprocessing = 0;
		};
/* End PBXSourcesBuildPhase section */

/* Begin PBXTargetDependency section */
		51FEFD0429B641F2008F2A12 /* PBXTargetDependency */ = {
			isa = PBXTargetDependency;
			target = 51FEFCF029B641F0008F2A12 /* SwiftUIWorld */;
			targetProxy = 51FEFD0329B641F2008F2A12 /* PBXContainerItemProxy */;
		};
		51FEFD0E29B641F2008F2A12 /* PBXTargetDependency */ = {
			isa = PBXTargetDependency;
			target = 51FEFCF029B641F0008F2A12 /* SwiftUIWorld */;
			targetProxy = 51FEFD0D29B641F2008F2A12 /* PBXContainerItemProxy */;
		};
/* End PBXTargetDependency section */

/* Begin XCBuildConfiguration section */
		51FEFD1429B641F2008F2A12 /* Debug */ = {
			isa = XCBuildConfiguration;
			buildSettings = {
				ALWAYS_SEARCH_USER_PATHS = NO;
				CLANG_ANALYZER_NONNULL = YES;
				CLANG_ANALYZER_NUMBER_OBJECT_CONVERSION = YES_AGGRESSIVE;
				CLANG_CXX_LANGUAGE_STANDARD = "gnu++20";
				CLANG_ENABLE_MODULES = YES;
				CLANG_ENABLE_OBJC_ARC = YES;
				CLANG_ENABLE_OBJC_WEAK = YES;
				CLANG_WARN_BLOCK_CAPTURE_AUTORELEASING = YES;
				CLANG_WARN_BOOL_CONVERSION = YES;
				CLANG_WARN_COMMA = YES;
				CLANG_WARN_CONSTANT_CONVERSION = YES;
				CLANG_WARN_DEPRECATED_OBJC_IMPLEMENTATIONS = YES;
				CLANG_WARN_DIRECT_OBJC_ISA_USAGE = YES_ERROR;
				CLANG_WARN_DOCUMENTATION_COMMENTS = YES;
				CLANG_WARN_EMPTY_BODY = YES;
				CLANG_WARN_ENUM_CONVERSION = YES;
				CLANG_WARN_INFINITE_RECURSION = YES;
				CLANG_WARN_INT_CONVERSION = YES;
				CLANG_WARN_NON_LITERAL_NULL_CONVERSION = YES;
				CLANG_WARN_OBJC_IMPLICIT_RETAIN_SELF = YES;
				CLANG_WARN_OBJC_LITERAL_CONVERSION = YES;
				CLANG_WARN_OBJC_ROOT_CLASS = YES_ERROR;
				CLANG_WARN_QUOTED_INCLUDE_IN_FRAMEWORK_HEADER = YES;
				CLANG_WARN_RANGE_LOOP_ANALYSIS = YES;
				CLANG_WARN_STRICT_PROTOTYPES = YES;
				CLANG_WARN_SUSPICIOUS_MOVE = YES;
				CLANG_WARN_UNGUARDED_AVAILABILITY = YES_AGGRESSIVE;
				CLANG_WARN_UNREACHABLE_CODE = YES;
				CLANG_WARN__DUPLICATE_METHOD_MATCH = YES;
				COPY_PHASE_STRIP = NO;
				DEAD_CODE_STRIPPING = YES;
				DEBUG_INFORMATION_FORMAT = dwarf;
				ENABLE_STRICT_OBJC_MSGSEND = YES;
				ENABLE_TESTABILITY = YES;
				GCC_C_LANGUAGE_STANDARD = gnu11;
				GCC_DYNAMIC_NO_PIC = NO;
				GCC_NO_COMMON_BLOCKS = YES;
				GCC_OPTIMIZATION_LEVEL = 0;
				GCC_PREPROCESSOR_DEFINITIONS = (
					"DEBUG=1",
					"$(inherited)",
				);
				GCC_WARN_64_TO_32_BIT_CONVERSION = YES;
				GCC_WARN_ABOUT_RETURN_TYPE = YES_ERROR;
				GCC_WARN_UNDECLARED_SELECTOR = YES;
				GCC_WARN_UNINITIALIZED_AUTOS = YES_AGGRESSIVE;
				GCC_WARN_UNUSED_FUNCTION = YES;
				GCC_WARN_UNUSED_VARIABLE = YES;
				MTL_ENABLE_DEBUG_INFO = INCLUDE_SOURCE;
				MTL_FAST_MATH = YES;
				ONLY_ACTIVE_ARCH = YES;
				SWIFT_ACTIVE_COMPILATION_CONDITIONS = DEBUG;
				SWIFT_OPTIMIZATION_LEVEL = "-Onone";
			};
			name = Debug;
		};
		51FEFD1529B641F2008F2A12 /* Release */ = {
			isa = XCBuildConfiguration;
			buildSettings = {
				ALWAYS_SEARCH_USER_PATHS = NO;
				CLANG_ANALYZER_NONNULL = YES;
				CLANG_ANALYZER_NUMBER_OBJECT_CONVERSION = YES_AGGRESSIVE;
				CLANG_CXX_LANGUAGE_STANDARD = "gnu++20";
				CLANG_ENABLE_MODULES = YES;
				CLANG_ENABLE_OBJC_ARC = YES;
				CLANG_ENABLE_OBJC_WEAK = YES;
				CLANG_WARN_BLOCK_CAPTURE_AUTORELEASING = YES;
				CLANG_WARN_BOOL_CONVERSION = YES;
				CLANG_WARN_COMMA = YES;
				CLANG_WARN_CONSTANT_CONVERSION = YES;
				CLANG_WARN_DEPRECATED_OBJC_IMPLEMENTATIONS = YES;
				CLANG_WARN_DIRECT_OBJC_ISA_USAGE = YES_ERROR;
				CLANG_WARN_DOCUMENTATION_COMMENTS = YES;
				CLANG_WARN_EMPTY_BODY = YES;
				CLANG_WARN_ENUM_CONVERSION = YES;
				CLANG_WARN_INFINITE_RECURSION = YES;
				CLANG_WARN_INT_CONVERSION = YES;
				CLANG_WARN_NON_LITERAL_NULL_CONVERSION = YES;
				CLANG_WARN_OBJC_IMPLICIT_RETAIN_SELF = YES;
				CLANG_WARN_OBJC_LITERAL_CONVERSION = YES;
				CLANG_WARN_OBJC_ROOT_CLASS = YES_ERROR;
				CLANG_WARN_QUOTED_INCLUDE_IN_FRAMEWORK_HEADER = YES;
				CLANG_WARN_RANGE_LOOP_ANALYSIS = YES;
				CLANG_WARN_STRICT_PROTOTYPES = YES;
				CLANG_WARN_SUSPICIOUS_MOVE = YES;
				CLANG_WARN_UNGUARDED_AVAILABILITY = YES_AGGRESSIVE;
				CLANG_WARN_UNREACHABLE_CODE = YES;
				CLANG_WARN__DUPLICATE_METHOD_MATCH = YES;
				COPY_PHASE_STRIP = NO;
				DEAD_CODE_STRIPPING = YES;
				DEBUG_INFORMATION_FORMAT = "dwarf-with-dsym";
				ENABLE_NS_ASSERTIONS = NO;
				ENABLE_STRICT_OBJC_MSGSEND = YES;
				GCC_C_LANGUAGE_STANDARD = gnu11;
				GCC_NO_COMMON_BLOCKS = YES;
				GCC_WARN_64_TO_32_BIT_CONVERSION = YES;
				GCC_WARN_ABOUT_RETURN_TYPE = YES_ERROR;
				GCC_WARN_UNDECLARED_SELECTOR = YES;
				GCC_WARN_UNINITIALIZED_AUTOS = YES_AGGRESSIVE;
				GCC_WARN_UNUSED_FUNCTION = YES;
				GCC_WARN_UNUSED_VARIABLE = YES;
				MTL_ENABLE_DEBUG_INFO = NO;
				MTL_FAST_MATH = YES;
				SWIFT_COMPILATION_MODE = wholemodule;
				SWIFT_OPTIMIZATION_LEVEL = "-O";
			};
			name = Release;
		};
		51FEFD1729B641F2008F2A12 /* Debug */ = {
			isa = XCBuildConfiguration;
			buildSettings = {
				ASSETCATALOG_COMPILER_APPICON_NAME = AppIcon;
				ASSETCATALOG_COMPILER_GLOBAL_ACCENT_COLOR_NAME = AccentColor;
				CODE_SIGN_ENTITLEMENTS = SwiftUIWorld/SwiftUIWorld.entitlements;
				CODE_SIGN_STYLE = Automatic;
				CURRENT_PROJECT_VERSION = 1;
				DEAD_CODE_STRIPPING = YES;
				DEVELOPMENT_ASSET_PATHS = "\"SwiftUIWorld/Preview Content\"";
				DEVELOPMENT_TEAM = 297AHX4JHU;
				ENABLE_HARDENED_RUNTIME = YES;
				ENABLE_PREVIEWS = YES;
				GENERATE_INFOPLIST_FILE = YES;
				INFOPLIST_KEY_NSCameraUsageDescription = "For reflective ui";
				"INFOPLIST_KEY_UIApplicationSceneManifest_Generation[sdk=iphoneos*]" = YES;
				"INFOPLIST_KEY_UIApplicationSceneManifest_Generation[sdk=iphonesimulator*]" = YES;
				"INFOPLIST_KEY_UIApplicationSupportsIndirectInputEvents[sdk=iphoneos*]" = YES;
				"INFOPLIST_KEY_UIApplicationSupportsIndirectInputEvents[sdk=iphonesimulator*]" = YES;
				"INFOPLIST_KEY_UILaunchScreen_Generation[sdk=iphoneos*]" = YES;
				"INFOPLIST_KEY_UILaunchScreen_Generation[sdk=iphonesimulator*]" = YES;
				"INFOPLIST_KEY_UIStatusBarStyle[sdk=iphoneos*]" = UIStatusBarStyleDefault;
				"INFOPLIST_KEY_UIStatusBarStyle[sdk=iphonesimulator*]" = UIStatusBarStyleDefault;
				INFOPLIST_KEY_UISupportedInterfaceOrientations_iPad = "UIInterfaceOrientationPortrait UIInterfaceOrientationPortraitUpsideDown UIInterfaceOrientationLandscapeLeft UIInterfaceOrientationLandscapeRight";
				INFOPLIST_KEY_UISupportedInterfaceOrientations_iPhone = "UIInterfaceOrientationPortrait UIInterfaceOrientationLandscapeLeft UIInterfaceOrientationLandscapeRight";
				IPHONEOS_DEPLOYMENT_TARGET = 18.0;
				LD_RUNPATH_SEARCH_PATHS = "@executable_path/Frameworks";
				"LD_RUNPATH_SEARCH_PATHS[sdk=macosx*]" = "@executable_path/../Frameworks";
				MACOSX_DEPLOYMENT_TARGET = 13.1;
				MARKETING_VERSION = 1.0;
				PRODUCT_BUNDLE_IDENTIFIER = armay.SwiftUIWorld;
				PRODUCT_NAME = "$(TARGET_NAME)";
				SDKROOT = auto;
				SUPPORTED_PLATFORMS = "iphoneos iphonesimulator macosx";
				SWIFT_EMIT_LOC_STRINGS = YES;
				SWIFT_VERSION = 5.0;
				TARGETED_DEVICE_FAMILY = "1,2";
			};
			name = Debug;
		};
		51FEFD1829B641F2008F2A12 /* Release */ = {
			isa = XCBuildConfiguration;
			buildSettings = {
				ASSETCATALOG_COMPILER_APPICON_NAME = AppIcon;
				ASSETCATALOG_COMPILER_GLOBAL_ACCENT_COLOR_NAME = AccentColor;
				CODE_SIGN_ENTITLEMENTS = SwiftUIWorld/SwiftUIWorld.entitlements;
				CODE_SIGN_STYLE = Automatic;
				CURRENT_PROJECT_VERSION = 1;
				DEAD_CODE_STRIPPING = YES;
				DEVELOPMENT_ASSET_PATHS = "\"SwiftUIWorld/Preview Content\"";
				DEVELOPMENT_TEAM = 297AHX4JHU;
				ENABLE_HARDENED_RUNTIME = YES;
				ENABLE_PREVIEWS = YES;
				GENERATE_INFOPLIST_FILE = YES;
				INFOPLIST_KEY_NSCameraUsageDescription = "For reflective ui";
				"INFOPLIST_KEY_UIApplicationSceneManifest_Generation[sdk=iphoneos*]" = YES;
				"INFOPLIST_KEY_UIApplicationSceneManifest_Generation[sdk=iphonesimulator*]" = YES;
				"INFOPLIST_KEY_UIApplicationSupportsIndirectInputEvents[sdk=iphoneos*]" = YES;
				"INFOPLIST_KEY_UIApplicationSupportsIndirectInputEvents[sdk=iphonesimulator*]" = YES;
				"INFOPLIST_KEY_UILaunchScreen_Generation[sdk=iphoneos*]" = YES;
				"INFOPLIST_KEY_UILaunchScreen_Generation[sdk=iphonesimulator*]" = YES;
				"INFOPLIST_KEY_UIStatusBarStyle[sdk=iphoneos*]" = UIStatusBarStyleDefault;
				"INFOPLIST_KEY_UIStatusBarStyle[sdk=iphonesimulator*]" = UIStatusBarStyleDefault;
				INFOPLIST_KEY_UISupportedInterfaceOrientations_iPad = "UIInterfaceOrientationPortrait UIInterfaceOrientationPortraitUpsideDown UIInterfaceOrientationLandscapeLeft UIInterfaceOrientationLandscapeRight";
				INFOPLIST_KEY_UISupportedInterfaceOrientations_iPhone = "UIInterfaceOrientationPortrait UIInterfaceOrientationLandscapeLeft UIInterfaceOrientationLandscapeRight";
				IPHONEOS_DEPLOYMENT_TARGET = 18.0;
				LD_RUNPATH_SEARCH_PATHS = "@executable_path/Frameworks";
				"LD_RUNPATH_SEARCH_PATHS[sdk=macosx*]" = "@executable_path/../Frameworks";
				MACOSX_DEPLOYMENT_TARGET = 13.1;
				MARKETING_VERSION = 1.0;
				PRODUCT_BUNDLE_IDENTIFIER = armay.SwiftUIWorld;
				PRODUCT_NAME = "$(TARGET_NAME)";
				SDKROOT = auto;
				SUPPORTED_PLATFORMS = "iphoneos iphonesimulator macosx";
				SWIFT_EMIT_LOC_STRINGS = YES;
				SWIFT_VERSION = 5.0;
				TARGETED_DEVICE_FAMILY = "1,2";
			};
			name = Release;
		};
		51FEFD1A29B641F2008F2A12 /* Debug */ = {
			isa = XCBuildConfiguration;
			buildSettings = {
				ALWAYS_EMBED_SWIFT_STANDARD_LIBRARIES = YES;
				BUNDLE_LOADER = "$(TEST_HOST)";
				CODE_SIGN_STYLE = Automatic;
				CURRENT_PROJECT_VERSION = 1;
				DEAD_CODE_STRIPPING = YES;
				DEVELOPMENT_TEAM = 297AHX4JHU;
				GENERATE_INFOPLIST_FILE = YES;
				IPHONEOS_DEPLOYMENT_TARGET = 16.2;
				MACOSX_DEPLOYMENT_TARGET = 13.1;
				MARKETING_VERSION = 1.0;
				PRODUCT_BUNDLE_IDENTIFIER = armay.SwiftUIWorldTests;
				PRODUCT_NAME = "$(TARGET_NAME)";
				SDKROOT = auto;
				SUPPORTED_PLATFORMS = "iphoneos iphonesimulator macosx";
				SWIFT_EMIT_LOC_STRINGS = NO;
				SWIFT_VERSION = 5.0;
				TARGETED_DEVICE_FAMILY = "1,2";
				TEST_HOST = "$(BUILT_PRODUCTS_DIR)/SwiftUIWorld.app/$(BUNDLE_EXECUTABLE_FOLDER_PATH)/SwiftUIWorld";
			};
			name = Debug;
		};
		51FEFD1B29B641F2008F2A12 /* Release */ = {
			isa = XCBuildConfiguration;
			buildSettings = {
				ALWAYS_EMBED_SWIFT_STANDARD_LIBRARIES = YES;
				BUNDLE_LOADER = "$(TEST_HOST)";
				CODE_SIGN_STYLE = Automatic;
				CURRENT_PROJECT_VERSION = 1;
				DEAD_CODE_STRIPPING = YES;
				DEVELOPMENT_TEAM = 297AHX4JHU;
				GENERATE_INFOPLIST_FILE = YES;
				IPHONEOS_DEPLOYMENT_TARGET = 16.2;
				MACOSX_DEPLOYMENT_TARGET = 13.1;
				MARKETING_VERSION = 1.0;
				PRODUCT_BUNDLE_IDENTIFIER = armay.SwiftUIWorldTests;
				PRODUCT_NAME = "$(TARGET_NAME)";
				SDKROOT = auto;
				SUPPORTED_PLATFORMS = "iphoneos iphonesimulator macosx";
				SWIFT_EMIT_LOC_STRINGS = NO;
				SWIFT_VERSION = 5.0;
				TARGETED_DEVICE_FAMILY = "1,2";
				TEST_HOST = "$(BUILT_PRODUCTS_DIR)/SwiftUIWorld.app/$(BUNDLE_EXECUTABLE_FOLDER_PATH)/SwiftUIWorld";
			};
			name = Release;
		};
		51FEFD1D29B641F2008F2A12 /* Debug */ = {
			isa = XCBuildConfiguration;
			buildSettings = {
				ALWAYS_EMBED_SWIFT_STANDARD_LIBRARIES = YES;
				CODE_SIGN_STYLE = Automatic;
				CURRENT_PROJECT_VERSION = 1;
				DEAD_CODE_STRIPPING = YES;
				DEVELOPMENT_TEAM = 297AHX4JHU;
				GENERATE_INFOPLIST_FILE = YES;
				IPHONEOS_DEPLOYMENT_TARGET = 16.2;
				MACOSX_DEPLOYMENT_TARGET = 13.1;
				MARKETING_VERSION = 1.0;
				PRODUCT_BUNDLE_IDENTIFIER = armay.SwiftUIWorldUITests;
				PRODUCT_NAME = "$(TARGET_NAME)";
				SDKROOT = auto;
				SUPPORTED_PLATFORMS = "iphoneos iphonesimulator macosx";
				SWIFT_EMIT_LOC_STRINGS = NO;
				SWIFT_VERSION = 5.0;
				TARGETED_DEVICE_FAMILY = "1,2";
				TEST_TARGET_NAME = SwiftUIWorld;
			};
			name = Debug;
		};
		51FEFD1E29B641F2008F2A12 /* Release */ = {
			isa = XCBuildConfiguration;
			buildSettings = {
				ALWAYS_EMBED_SWIFT_STANDARD_LIBRARIES = YES;
				CODE_SIGN_STYLE = Automatic;
				CURRENT_PROJECT_VERSION = 1;
				DEAD_CODE_STRIPPING = YES;
				DEVELOPMENT_TEAM = 297AHX4JHU;
				GENERATE_INFOPLIST_FILE = YES;
				IPHONEOS_DEPLOYMENT_TARGET = 16.2;
				MACOSX_DEPLOYMENT_TARGET = 13.1;
				MARKETING_VERSION = 1.0;
				PRODUCT_BUNDLE_IDENTIFIER = armay.SwiftUIWorldUITests;
				PRODUCT_NAME = "$(TARGET_NAME)";
				SDKROOT = auto;
				SUPPORTED_PLATFORMS = "iphoneos iphonesimulator macosx";
				SWIFT_EMIT_LOC_STRINGS = NO;
				SWIFT_VERSION = 5.0;
				TARGETED_DEVICE_FAMILY = "1,2";
				TEST_TARGET_NAME = SwiftUIWorld;
			};
			name = Release;
		};
/* End XCBuildConfiguration section */

/* Begin XCConfigurationList section */
		51FEFCEC29B641F0008F2A12 /* Build configuration list for PBXProject "SwiftUIWorld" */ = {
			isa = XCConfigurationList;
			buildConfigurations = (
				51FEFD1429B641F2008F2A12 /* Debug */,
				51FEFD1529B641F2008F2A12 /* Release */,
			);
			defaultConfigurationIsVisible = 0;
			defaultConfigurationName = Release;
		};
		51FEFD1629B641F2008F2A12 /* Build configuration list for PBXNativeTarget "SwiftUIWorld" */ = {
			isa = XCConfigurationList;
			buildConfigurations = (
				51FEFD1729B641F2008F2A12 /* Debug */,
				51FEFD1829B641F2008F2A12 /* Release */,
			);
			defaultConfigurationIsVisible = 0;
			defaultConfigurationName = Release;
		};
		51FEFD1929B641F2008F2A12 /* Build configuration list for PBXNativeTarget "SwiftUIWorldTests" */ = {
			isa = XCConfigurationList;
			buildConfigurations = (
				51FEFD1A29B641F2008F2A12 /* Debug */,
				51FEFD1B29B641F2008F2A12 /* Release */,
			);
			defaultConfigurationIsVisible = 0;
			defaultConfigurationName = Release;
		};
		51FEFD1C29B641F2008F2A12 /* Build configuration list for PBXNativeTarget "SwiftUIWorldUITests" */ = {
			isa = XCConfigurationList;
			buildConfigurations = (
				51FEFD1D29B641F2008F2A12 /* Debug */,
				51FEFD1E29B641F2008F2A12 /* Release */,
			);
			defaultConfigurationIsVisible = 0;
			defaultConfigurationName = Release;
		};
/* End XCConfigurationList section */

/* Begin XCRemoteSwiftPackageReference section */
		665E5B512D11C3D6003FE4E3 /* XCRemoteSwiftPackageReference "lottie-spm" */ = {
			isa = XCRemoteSwiftPackageReference;
			repositoryURL = "https://github.com/airbnb/lottie-spm.git";
			requirement = {
				kind = upToNextMajorVersion;
				minimumVersion = 4.5.0;
			};
		};
/* End XCRemoteSwiftPackageReference section */

/* Begin XCSwiftPackageProductDependency section */
		665E5B522D11C3D6003FE4E3 /* Lottie */ = {
			isa = XCSwiftPackageProductDependency;
			package = 665E5B512D11C3D6003FE4E3 /* XCRemoteSwiftPackageReference "lottie-spm" */;
			productName = Lottie;
		};
/* End XCSwiftPackageProductDependency section */
	};
	rootObject = 51FEFCE929B641F0008F2A12 /* Project object */;
}
